
Microsoft Visual Studio Solution File, Format Version 12.00
# Visual Studio 15
VisualStudioVersion = 15.0.28307.902
MinimumVisualStudioVersion = 10.0.40219.1
Project("{9A19103F-16F7-4668-BE54-9A1E7A4F7556}") = "ControlM", "ControlMAgent\ControlM.csproj", "{BE1AF7F3-EF1D-4433-9FD8-98D7D5D7F283}"
EndProject
Project("{FAE04EC0-301F-11D3-BF4B-00C04F79EFBC}") = "ControlM_Manager_GUI", "ControlM_Manager_GUI\ControlM_Manager_GUI.csproj", "{F99544C6-19F8-4F38-91C5-B72899852B4A}"
EndProject
Project("{FAE04EC0-301F-11D3-BF4B-00C04F79EFBC}") = "accessdb_driver", "accessdb_driver\accessdb_driver.csproj", "{D5468EA6-245B-4F6B-8E8E-E13EC06188C1}"
EndProject
Global
	GlobalSection(SolutionConfigurationPlatforms) = preSolution
		Debug|Any CPU = Debug|Any CPU
		Release|Any CPU = Release|Any CPU
	EndGlobalSection
	GlobalSection(ProjectConfigurationPlatforms) = postSolution
		{BE1AF7F3-EF1D-4433-9FD8-98D7D5D7F283}.Debug|Any CPU.ActiveCfg = Debug|Any CPU
		{BE1AF7F3-EF1D-4433-9FD8-98D7D5D7F283}.Debug|Any CPU.Build.0 = Debug|Any CPU
		{BE1AF7F3-EF1D-4433-9FD8-98D7D5D7F283}.Release|Any CPU.ActiveCfg = Release|Any CPU
		{BE1AF7F3-EF1D-4433-9FD8-98D7D5D7F283}.Release|Any CPU.Build.0 = Release|Any CPU
		{F99544C6-19F8-4F38-91C5-B72899852B4A}.Debug|Any CPU.ActiveCfg = Debug|Any CPU
		{F99544C6-19F8-4F38-91C5-B72899852B4A}.Debug|Any CPU.Build.0 = Debug|Any CPU
		{F99544C6-19F8-4F38-91C5-B72899852B4A}.Release|Any CPU.ActiveCfg = Release|Any CPU
		{F99544C6-19F8-4F38-91C5-B72899852B4A}.Release|Any CPU.Build.0 = Release|Any CPU
		{D5468EA6-245B-4F6B-8E8E-E13EC06188C1}.Debug|Any CPU.ActiveCfg = Debug|Any CPU
		{D5468EA6-245B-4F6B-8E8E-E13EC06188C1}.Debug|Any CPU.Build.0 = Debug|Any CPU
		{D5468EA6-245B-4F6B-8E8E-E13EC06188C1}.Release|Any CPU.ActiveCfg = Release|Any CPU
		{D5468EA6-245B-4F6B-8E8E-E13EC06188C1}.Release|Any CPU.Build.0 = Release|Any CPU
	EndGlobalSection
	GlobalSection(SolutionProperties) = preSolution
		HideSolutionNode = FALSE
	EndGlobalSection
	GlobalSection(ExtensibilityGlobals) = postSolution
		SolutionGuid = {6E813B15-E281-47C3-A466-F754DA55CCE3}
	EndGlobalSection
EndGlobal
