
Microsoft Visual Studio Solution File, Format Version 12.00
# Visual Studio 15
VisualStudioVersion = 15.0.28307.902
MinimumVisualStudioVersion = 10.0.40219.1
Project("{FAE04EC0-301F-11D3-BF4B-00C04F79EFBC}") = "ControlMObjects", "ControlMAgent\ControlMObjects.csproj", "{BE1AF7F3-EF1D-4433-9FD8-98D7D5D7F283}"
EndProject
Global
	GlobalSection(SolutionConfigurationPlatforms) = preSolution
		Debug|Any CPU = Debug|Any CPU
		Release|Any CPU = Release|Any CPU
	EndGlobalSection
	GlobalSection(ProjectConfigurationPlatforms) = postSolution
		{BE1AF7F3-EF1D-4433-9FD8-98D7D5D7F283}.Debug|Any CPU.ActiveCfg = Debug|Any CPU
		{BE1AF7F3-EF1D-4433-9FD8-98D7D5D7F283}.Debug|Any CPU.Build.0 = Debug|Any CPU
		{BE1AF7F3-EF1D-4433-9FD8-98D7D5D7F283}.Release|Any CPU.ActiveCfg = Release|Any CPU
		{BE1AF7F3-EF1D-4433-9FD8-98D7D5D7F283}.Release|Any CPU.Build.0 = Release|Any CPU
	EndGlobalSection
	GlobalSection(SolutionProperties) = preSolution
		HideSolutionNode = FALSE
	EndGlobalSection
	GlobalSection(ExtensibilityGlobals) = postSolution
		SolutionGuid = {6E813B15-E281-47C3-A466-F754DA55CCE3}
	EndGlobalSection
EndGlobal
